// !$*UTF8*$!
{
	archiveVersion = 1;
	classes = {
	};
	objectVersion = 50;
	objects = {

/* Begin PBXBuildFile section */
		46016500220003A700080DD3 /* CustomAnnotationView.xib in Resources */ = {isa = PBXBuildFile; fileRef = 460164FF220003A700080DD3 /* CustomAnnotationView.xib */; };
		4601650422000F1500080DD3 /* CustomAnnotationView.swift in Sources */ = {isa = PBXBuildFile; fileRef = 4601650322000F1500080DD3 /* CustomAnnotationView.swift */; };
		4612E96A21F1C52E0078569B /* UserViewController.swift in Sources */ = {isa = PBXBuildFile; fileRef = 4612E96921F1C52E0078569B /* UserViewController.swift */; };
		4612E96C21F375850078569B /* UserData.swift in Sources */ = {isa = PBXBuildFile; fileRef = 4612E96B21F375850078569B /* UserData.swift */; };
		464373B221FB22FD007D2521 /* LoginView.xib in Resources */ = {isa = PBXBuildFile; fileRef = 464373B121FB22FD007D2521 /* LoginView.xib */; };
		464373B421FB27E6007D2521 /* EditAnnotation.storyboard in Resources */ = {isa = PBXBuildFile; fileRef = 464373B321FB27E6007D2521 /* EditAnnotation.storyboard */; };
		465705FA21CB6FE80088C7E5 /* AppDelegate.swift in Sources */ = {isa = PBXBuildFile; fileRef = 465705F921CB6FE80088C7E5 /* AppDelegate.swift */; };
		465705FC21CB6FE80088C7E5 /* MainViewController.swift in Sources */ = {isa = PBXBuildFile; fileRef = 465705FB21CB6FE80088C7E5 /* MainViewController.swift */; };
		465705FF21CB6FE80088C7E5 /* Main.storyboard in Resources */ = {isa = PBXBuildFile; fileRef = 465705FD21CB6FE80088C7E5 /* Main.storyboard */; };
		4657060121CB6FE90088C7E5 /* Assets.xcassets in Resources */ = {isa = PBXBuildFile; fileRef = 4657060021CB6FE90088C7E5 /* Assets.xcassets */; };
		4657060421CB6FE90088C7E5 /* LaunchScreen.storyboard in Resources */ = {isa = PBXBuildFile; fileRef = 4657060221CB6FE90088C7E5 /* LaunchScreen.storyboard */; };
		4657061B21CBCA250088C7E5 /* MapKit.framework in Frameworks */ = {isa = PBXBuildFile; fileRef = 4657061A21CBCA250088C7E5 /* MapKit.framework */; };
		4657061D21CD91D00088C7E5 /* PinStract.swift in Sources */ = {isa = PBXBuildFile; fileRef = 4657061C21CD91D00088C7E5 /* PinStract.swift */; };
		46D2E50A21FC1E78008F8BB0 /* EditAnnotationViewController.swift in Sources */ = {isa = PBXBuildFile; fileRef = 46D2E50921FC1E78008F8BB0 /* EditAnnotationViewController.swift */; };
		46D2E50C21FD5A8F008F8BB0 /* MusicPlayerData.swift in Sources */ = {isa = PBXBuildFile; fileRef = 46D2E50B21FD5A8F008F8BB0 /* MusicPlayerData.swift */; };
		46D2E51121FDF48C008F8BB0 /* pause.png in Resources */ = {isa = PBXBuildFile; fileRef = 46D2E50F21FDF48C008F8BB0 /* pause.png */; };
		46D2E51221FDF48C008F8BB0 /* play.png in Resources */ = {isa = PBXBuildFile; fileRef = 46D2E51021FDF48C008F8BB0 /* play.png */; };
		46D2E51421FDF61D008F8BB0 /* PlayerViewController.swift in Sources */ = {isa = PBXBuildFile; fileRef = 46D2E51321FDF61D008F8BB0 /* PlayerViewController.swift */; };
		46D2E51621FEAF71008F8BB0 /* EditAnnotationData.swift in Sources */ = {isa = PBXBuildFile; fileRef = 46D2E51521FEAF71008F8BB0 /* EditAnnotationData.swift */; };
		46EDF4B421DCEDC600FF6B70 /* GoogleService-Info.plist in Resources */ = {isa = PBXBuildFile; fileRef = 46EDF4B321DCEDC600FF6B70 /* GoogleService-Info.plist */; };
		DE571A8E8BCB1A063CACE61B /* Pods_iMachiLive.framework in Frameworks */ = {isa = PBXBuildFile; fileRef = 1820AD80282ADD381A71DA71 /* Pods_iMachiLive.framework */; };
/* End PBXBuildFile section */

/* Begin PBXFileReference section */
		08D7E30B1392259D14492DFA /* Pods-iMachiLive.debug.xcconfig */ = {isa = PBXFileReference; includeInIndex = 1; lastKnownFileType = text.xcconfig; name = "Pods-iMachiLive.debug.xcconfig"; path = "Pods/Target Support Files/Pods-iMachiLive/Pods-iMachiLive.debug.xcconfig"; sourceTree = "<group>"; };
		1820AD80282ADD381A71DA71 /* Pods_iMachiLive.framework */ = {isa = PBXFileReference; explicitFileType = wrapper.framework; includeInIndex = 0; path = Pods_iMachiLive.framework; sourceTree = BUILT_PRODUCTS_DIR; };
		460164FF220003A700080DD3 /* CustomAnnotationView.xib */ = {isa = PBXFileReference; lastKnownFileType = file.xib; path = CustomAnnotationView.xib; sourceTree = "<group>"; };
		4601650322000F1500080DD3 /* CustomAnnotationView.swift */ = {isa = PBXFileReference; lastKnownFileType = sourcecode.swift; path = CustomAnnotationView.swift; sourceTree = "<group>"; };
		4612E96921F1C52E0078569B /* UserViewController.swift */ = {isa = PBXFileReference; lastKnownFileType = sourcecode.swift; path = UserViewController.swift; sourceTree = "<group>"; };
		4612E96B21F375850078569B /* UserData.swift */ = {isa = PBXFileReference; lastKnownFileType = sourcecode.swift; path = UserData.swift; sourceTree = "<group>"; };
		464373B121FB22FD007D2521 /* LoginView.xib */ = {isa = PBXFileReference; lastKnownFileType = file.xib; path = LoginView.xib; sourceTree = "<group>"; };
		464373B321FB27E6007D2521 /* EditAnnotation.storyboard */ = {isa = PBXFileReference; lastKnownFileType = file.storyboard; path = EditAnnotation.storyboard; sourceTree = "<group>"; };
		465705F621CB6FE80088C7E5 /* iMachiLive.app */ = {isa = PBXFileReference; explicitFileType = wrapper.application; includeInIndex = 0; path = iMachiLive.app; sourceTree = BUILT_PRODUCTS_DIR; };
		465705F921CB6FE80088C7E5 /* AppDelegate.swift */ = {isa = PBXFileReference; lastKnownFileType = sourcecode.swift; path = AppDelegate.swift; sourceTree = "<group>"; };
		465705FB21CB6FE80088C7E5 /* MainViewController.swift */ = {isa = PBXFileReference; lastKnownFileType = sourcecode.swift; path = MainViewController.swift; sourceTree = "<group>"; };
		465705FE21CB6FE80088C7E5 /* Base */ = {isa = PBXFileReference; lastKnownFileType = file.storyboard; name = Base; path = Base.lproj/Main.storyboard; sourceTree = "<group>"; };
		4657060021CB6FE90088C7E5 /* Assets.xcassets */ = {isa = PBXFileReference; lastKnownFileType = folder.assetcatalog; path = Assets.xcassets; sourceTree = "<group>"; };
		4657060321CB6FE90088C7E5 /* Base */ = {isa = PBXFileReference; lastKnownFileType = file.storyboard; name = Base; path = Base.lproj/LaunchScreen.storyboard; sourceTree = "<group>"; };
		4657060521CB6FE90088C7E5 /* Info.plist */ = {isa = PBXFileReference; lastKnownFileType = text.plist.xml; path = Info.plist; sourceTree = "<group>"; };
		4657061A21CBCA250088C7E5 /* MapKit.framework */ = {isa = PBXFileReference; lastKnownFileType = wrapper.framework; name = MapKit.framework; path = System/Library/Frameworks/MapKit.framework; sourceTree = SDKROOT; };
		4657061C21CD91D00088C7E5 /* PinStract.swift */ = {isa = PBXFileReference; lastKnownFileType = sourcecode.swift; path = PinStract.swift; sourceTree = "<group>"; };
		46D2E50921FC1E78008F8BB0 /* EditAnnotationViewController.swift */ = {isa = PBXFileReference; lastKnownFileType = sourcecode.swift; path = EditAnnotationViewController.swift; sourceTree = "<group>"; };
		46D2E50B21FD5A8F008F8BB0 /* MusicPlayerData.swift */ = {isa = PBXFileReference; lastKnownFileType = sourcecode.swift; path = MusicPlayerData.swift; sourceTree = "<group>"; };
		46D2E50F21FDF48C008F8BB0 /* pause.png */ = {isa = PBXFileReference; lastKnownFileType = image.png; path = pause.png; sourceTree = "<group>"; };
		46D2E51021FDF48C008F8BB0 /* play.png */ = {isa = PBXFileReference; lastKnownFileType = image.png; path = play.png; sourceTree = "<group>"; };
		46D2E51321FDF61D008F8BB0 /* PlayerViewController.swift */ = {isa = PBXFileReference; lastKnownFileType = sourcecode.swift; path = PlayerViewController.swift; sourceTree = "<group>"; };
		46D2E51521FEAF71008F8BB0 /* EditAnnotationData.swift */ = {isa = PBXFileReference; lastKnownFileType = sourcecode.swift; path = EditAnnotationData.swift; sourceTree = "<group>"; };
		46EDF4B321DCEDC600FF6B70 /* GoogleService-Info.plist */ = {isa = PBXFileReference; fileEncoding = 4; lastKnownFileType = text.plist.xml; path = "GoogleService-Info.plist"; sourceTree = "<group>"; };
		BAA5CCF5D28640C03E08744D /* Pods-iMachiLive.release.xcconfig */ = {isa = PBXFileReference; includeInIndex = 1; lastKnownFileType = text.xcconfig; name = "Pods-iMachiLive.release.xcconfig"; path = "Pods/Target Support Files/Pods-iMachiLive/Pods-iMachiLive.release.xcconfig"; sourceTree = "<group>"; };
/* End PBXFileReference section */

/* Begin PBXFrameworksBuildPhase section */
		465705F321CB6FE80088C7E5 /* Frameworks */ = {
			isa = PBXFrameworksBuildPhase;
			buildActionMask = 2147483647;
			files = (
				4657061B21CBCA250088C7E5 /* MapKit.framework in Frameworks */,
				DE571A8E8BCB1A063CACE61B /* Pods_iMachiLive.framework in Frameworks */,
			);
			runOnlyForDeploymentPostprocessing = 0;
		};
/* End PBXFrameworksBuildPhase section */

/* Begin PBXGroup section */
		460164FB21FFE2C900080DD3 /* xib */ = {
			isa = PBXGroup;
			children = (
				464373B121FB22FD007D2521 /* LoginView.xib */,
				460164FF220003A700080DD3 /* CustomAnnotationView.xib */,
			);
			path = xib;
			sourceTree = "<group>";
		};
		465705ED21CB6FE80088C7E5 = {
			isa = PBXGroup;
			children = (
				465705F821CB6FE80088C7E5 /* iMachiLive */,
				465705F721CB6FE80088C7E5 /* Products */,
				4657061921CBCA250088C7E5 /* Frameworks */,
				99674A071824AC912D7BB966 /* Pods */,
			);
			sourceTree = "<group>";
		};
		465705F721CB6FE80088C7E5 /* Products */ = {
			isa = PBXGroup;
			children = (
				465705F621CB6FE80088C7E5 /* iMachiLive.app */,
			);
			name = Products;
			sourceTree = "<group>";
		};
		465705F821CB6FE80088C7E5 /* iMachiLive */ = {
			isa = PBXGroup;
			children = (
				4657061021CB70560088C7E5 /* resource */,
				4657060F21CB70440088C7E5 /* src */,
			);
			path = iMachiLive;
			sourceTree = "<group>";
		};
		4657060B21CB6FFA0088C7E5 /* View */ = {
			isa = PBXGroup;
			children = (
				4601650322000F1500080DD3 /* CustomAnnotationView.swift */,
				460164FB21FFE2C900080DD3 /* xib */,
				4657060C21CB70040088C7E5 /* storyboard */,
			);
			path = View;
			sourceTree = "<group>";
		};
		4657060C21CB70040088C7E5 /* storyboard */ = {
			isa = PBXGroup;
			children = (
				4657060221CB6FE90088C7E5 /* LaunchScreen.storyboard */,
				465705FD21CB6FE80088C7E5 /* Main.storyboard */,
				464373B321FB27E6007D2521 /* EditAnnotation.storyboard */,
			);
			path = storyboard;
			sourceTree = "<group>";
		};
		4657060D21CB70180088C7E5 /* ViewController */ = {
			isa = PBXGroup;
			children = (
				465705FB21CB6FE80088C7E5 /* MainViewController.swift */,
				4612E96921F1C52E0078569B /* UserViewController.swift */,
				46D2E51321FDF61D008F8BB0 /* PlayerViewController.swift */,
				46D2E50921FC1E78008F8BB0 /* EditAnnotationViewController.swift */,
			);
			path = ViewController;
			sourceTree = "<group>";
		};
		4657060E21CB70270088C7E5 /* Model */ = {
			isa = PBXGroup;
			children = (
				4657061C21CD91D00088C7E5 /* PinStract.swift */,
				4612E96B21F375850078569B /* UserData.swift */,
				46D2E50B21FD5A8F008F8BB0 /* MusicPlayerData.swift */,
				46D2E51521FEAF71008F8BB0 /* EditAnnotationData.swift */,
			);
			path = Model;
			sourceTree = "<group>";
		};
		4657060F21CB70440088C7E5 /* src */ = {
			isa = PBXGroup;
			children = (
				4657060E21CB70270088C7E5 /* Model */,
				4657060D21CB70180088C7E5 /* ViewController */,
				4657060B21CB6FFA0088C7E5 /* View */,
			);
			path = src;
			sourceTree = "<group>";
		};
		4657061021CB70560088C7E5 /* resource */ = {
			isa = PBXGroup;
			children = (
				465705F921CB6FE80088C7E5 /* AppDelegate.swift */,
				4657060021CB6FE90088C7E5 /* Assets.xcassets */,
				4657060521CB6FE90088C7E5 /* Info.plist */,
				46EDF4B321DCEDC600FF6B70 /* GoogleService-Info.plist */,
				46D2E50F21FDF48C008F8BB0 /* pause.png */,
				46D2E51021FDF48C008F8BB0 /* play.png */,
			);
			path = resource;
			sourceTree = "<group>";
		};
		4657061921CBCA250088C7E5 /* Frameworks */ = {
			isa = PBXGroup;
			children = (
				4657061A21CBCA250088C7E5 /* MapKit.framework */,
				1820AD80282ADD381A71DA71 /* Pods_iMachiLive.framework */,
			);
			name = Frameworks;
			sourceTree = "<group>";
		};
		99674A071824AC912D7BB966 /* Pods */ = {
			isa = PBXGroup;
			children = (
				08D7E30B1392259D14492DFA /* Pods-iMachiLive.debug.xcconfig */,
				BAA5CCF5D28640C03E08744D /* Pods-iMachiLive.release.xcconfig */,
			);
			name = Pods;
			sourceTree = "<group>";
		};
/* End PBXGroup section */

/* Begin PBXNativeTarget section */
		465705F521CB6FE80088C7E5 /* iMachiLive */ = {
			isa = PBXNativeTarget;
			buildConfigurationList = 4657060821CB6FE90088C7E5 /* Build configuration list for PBXNativeTarget "iMachiLive" */;
			buildPhases = (
				74B7D99BF14176A4F9E66DD5 /* [CP] Check Pods Manifest.lock */,
				465705F221CB6FE80088C7E5 /* Sources */,
				465705F321CB6FE80088C7E5 /* Frameworks */,
				465705F421CB6FE80088C7E5 /* Resources */,
				177DF09AB9C6B7B54B92269B /* [CP] Embed Pods Frameworks */,
				680D8D3416D929BEC0D9895F /* [CP] Copy Pods Resources */,
			);
			buildRules = (
			);
			dependencies = (
			);
			name = iMachiLive;
			productName = iMachiLive;
			productReference = 465705F621CB6FE80088C7E5 /* iMachiLive.app */;
			productType = "com.apple.product-type.application";
		};
/* End PBXNativeTarget section */

/* Begin PBXProject section */
		465705EE21CB6FE80088C7E5 /* Project object */ = {
			isa = PBXProject;
			attributes = {
				KnownAssetTags = (
					1,
				);
				LastSwiftUpdateCheck = 1010;
				LastUpgradeCheck = 1010;
				ORGANIZATIONNAME = Reverse;
				TargetAttributes = {
					465705F521CB6FE80088C7E5 = {
						CreatedOnToolsVersion = 10.1;
						SystemCapabilities = {
							com.apple.BackgroundModes = {
								enabled = 1;
							};
							com.apple.Maps.iOS = {
								enabled = 1;
							};
						};
					};
				};
			};
			buildConfigurationList = 465705F121CB6FE80088C7E5 /* Build configuration list for PBXProject "iMachiLive" */;
			compatibilityVersion = "Xcode 9.3";
			developmentRegion = en;
			hasScannedForEncodings = 0;
			knownRegions = (
				en,
				Base,
			);
			mainGroup = 465705ED21CB6FE80088C7E5;
			productRefGroup = 465705F721CB6FE80088C7E5 /* Products */;
			projectDirPath = "";
			projectRoot = "";
			targets = (
				465705F521CB6FE80088C7E5 /* iMachiLive */,
			);
		};
/* End PBXProject section */

/* Begin PBXResourcesBuildPhase section */
		465705F421CB6FE80088C7E5 /* Resources */ = {
			isa = PBXResourcesBuildPhase;
			buildActionMask = 2147483647;
			files = (
				46016500220003A700080DD3 /* CustomAnnotationView.xib in Resources */,
				4657060421CB6FE90088C7E5 /* LaunchScreen.storyboard in Resources */,
				46D2E51221FDF48C008F8BB0 /* play.png in Resources */,
				464373B421FB27E6007D2521 /* EditAnnotation.storyboard in Resources */,
				4657060121CB6FE90088C7E5 /* Assets.xcassets in Resources */,
				46D2E51121FDF48C008F8BB0 /* pause.png in Resources */,
				465705FF21CB6FE80088C7E5 /* Main.storyboard in Resources */,
				464373B221FB22FD007D2521 /* LoginView.xib in Resources */,
				46EDF4B421DCEDC600FF6B70 /* GoogleService-Info.plist in Resources */,
			);
			runOnlyForDeploymentPostprocessing = 0;
		};
/* End PBXResourcesBuildPhase section */

/* Begin PBXShellScriptBuildPhase section */
		177DF09AB9C6B7B54B92269B /* [CP] Embed Pods Frameworks */ = {
			isa = PBXShellScriptBuildPhase;
			buildActionMask = 2147483647;
			files = (
			);
			inputPaths = (
				"${SRCROOT}/Pods/Target Support Files/Pods-iMachiLive/Pods-iMachiLive-frameworks.sh",
				"${BUILT_PRODUCTS_DIR}/Bolts/Bolts.framework",
				"${BUILT_PRODUCTS_DIR}/BoringSSL-GRPC/openssl_grpc.framework",
				"${BUILT_PRODUCTS_DIR}/Eureka/Eureka.framework",
				"${BUILT_PRODUCTS_DIR}/FBSDKCoreKit/FBSDKCoreKit.framework",
				"${BUILT_PRODUCTS_DIR}/FBSDKLoginKit/FBSDKLoginKit.framework",
				"${BUILT_PRODUCTS_DIR}/GTMSessionFetcher/GTMSessionFetcher.framework",
				"${BUILT_PRODUCTS_DIR}/GoogleToolboxForMac/GoogleToolboxForMac.framework",
				"${BUILT_PRODUCTS_DIR}/GoogleUtilities/GoogleUtilities.framework",
				"${BUILT_PRODUCTS_DIR}/Protobuf/Protobuf.framework",
				"${BUILT_PRODUCTS_DIR}/SDWebImage/SDWebImage.framework",
				"${PODS_ROOT}/TwitterCore/iOS/TwitterCore.framework",
				"${PODS_ROOT}/TwitterKit/iOS/TwitterKit.framework",
				"${BUILT_PRODUCTS_DIR}/gRPC-C++/grpcpp.framework",
				"${BUILT_PRODUCTS_DIR}/gRPC-Core/grpc.framework",
				"${BUILT_PRODUCTS_DIR}/leveldb-library/leveldb.framework",
				"${BUILT_PRODUCTS_DIR}/nanopb/nanopb.framework",
			);
			name = "[CP] Embed Pods Frameworks";
			outputPaths = (
				"${TARGET_BUILD_DIR}/${FRAMEWORKS_FOLDER_PATH}/Bolts.framework",
				"${TARGET_BUILD_DIR}/${FRAMEWORKS_FOLDER_PATH}/openssl_grpc.framework",
				"${TARGET_BUILD_DIR}/${FRAMEWORKS_FOLDER_PATH}/Eureka.framework",
				"${TARGET_BUILD_DIR}/${FRAMEWORKS_FOLDER_PATH}/FBSDKCoreKit.framework",
				"${TARGET_BUILD_DIR}/${FRAMEWORKS_FOLDER_PATH}/FBSDKLoginKit.framework",
				"${TARGET_BUILD_DIR}/${FRAMEWORKS_FOLDER_PATH}/GTMSessionFetcher.framework",
				"${TARGET_BUILD_DIR}/${FRAMEWORKS_FOLDER_PATH}/GoogleToolboxForMac.framework",
				"${TARGET_BUILD_DIR}/${FRAMEWORKS_FOLDER_PATH}/GoogleUtilities.framework",
				"${TARGET_BUILD_DIR}/${FRAMEWORKS_FOLDER_PATH}/Protobuf.framework",
				"${TARGET_BUILD_DIR}/${FRAMEWORKS_FOLDER_PATH}/SDWebImage.framework",
				"${TARGET_BUILD_DIR}/${FRAMEWORKS_FOLDER_PATH}/TwitterCore.framework",
				"${TARGET_BUILD_DIR}/${FRAMEWORKS_FOLDER_PATH}/TwitterKit.framework",
				"${TARGET_BUILD_DIR}/${FRAMEWORKS_FOLDER_PATH}/grpcpp.framework",
				"${TARGET_BUILD_DIR}/${FRAMEWORKS_FOLDER_PATH}/grpc.framework",
				"${TARGET_BUILD_DIR}/${FRAMEWORKS_FOLDER_PATH}/leveldb.framework",
				"${TARGET_BUILD_DIR}/${FRAMEWORKS_FOLDER_PATH}/nanopb.framework",
			);
			runOnlyForDeploymentPostprocessing = 0;
			shellPath = /bin/sh;
			shellScript = "\"${SRCROOT}/Pods/Target Support Files/Pods-iMachiLive/Pods-iMachiLive-frameworks.sh\"\n";
			showEnvVarsInLog = 0;
		};
		680D8D3416D929BEC0D9895F /* [CP] Copy Pods Resources */ = {
			isa = PBXShellScriptBuildPhase;
			buildActionMask = 2147483647;
			files = (
			);
			inputPaths = (
				"${SRCROOT}/Pods/Target Support Files/Pods-iMachiLive/Pods-iMachiLive-resources.sh",
				"${PODS_CONFIGURATION_BUILD_DIR}/FirebaseUI/FirebaseAnonymousAuthUI.bundle",
				"${PODS_CONFIGURATION_BUILD_DIR}/FirebaseUI/FirebaseAuthUI.bundle",
				"${PODS_CONFIGURATION_BUILD_DIR}/FirebaseUI/FirebaseFacebookAuthUI.bundle",
				"${PODS_CONFIGURATION_BUILD_DIR}/FirebaseUI/FirebaseGoogleAuthUI.bundle",
				"${PODS_CONFIGURATION_BUILD_DIR}/FirebaseUI/FirebasePhoneAuthUI.bundle",
				"${PODS_CONFIGURATION_BUILD_DIR}/FirebaseUI/FirebaseTwitterAuthUI.bundle",
				"${PODS_ROOT}/GoogleSignIn/Resources/GoogleSignIn.bundle",
				"${PODS_ROOT}/TwitterKit/iOS/TwitterKit.framework/TwitterKitResources.bundle",
			);
			name = "[CP] Copy Pods Resources";
			outputPaths = (
				"${TARGET_BUILD_DIR}/${UNLOCALIZED_RESOURCES_FOLDER_PATH}/FirebaseAnonymousAuthUI.bundle",
				"${TARGET_BUILD_DIR}/${UNLOCALIZED_RESOURCES_FOLDER_PATH}/FirebaseAuthUI.bundle",
				"${TARGET_BUILD_DIR}/${UNLOCALIZED_RESOURCES_FOLDER_PATH}/FirebaseFacebookAuthUI.bundle",
				"${TARGET_BUILD_DIR}/${UNLOCALIZED_RESOURCES_FOLDER_PATH}/FirebaseGoogleAuthUI.bundle",
				"${TARGET_BUILD_DIR}/${UNLOCALIZED_RESOURCES_FOLDER_PATH}/FirebasePhoneAuthUI.bundle",
				"${TARGET_BUILD_DIR}/${UNLOCALIZED_RESOURCES_FOLDER_PATH}/FirebaseTwitterAuthUI.bundle",
				"${TARGET_BUILD_DIR}/${UNLOCALIZED_RESOURCES_FOLDER_PATH}/GoogleSignIn.bundle",
				"${TARGET_BUILD_DIR}/${UNLOCALIZED_RESOURCES_FOLDER_PATH}/TwitterKitResources.bundle",
			);
			runOnlyForDeploymentPostprocessing = 0;
			shellPath = /bin/sh;
			shellScript = "\"${SRCROOT}/Pods/Target Support Files/Pods-iMachiLive/Pods-iMachiLive-resources.sh\"\n";
			showEnvVarsInLog = 0;
		};
		74B7D99BF14176A4F9E66DD5 /* [CP] Check Pods Manifest.lock */ = {
			isa = PBXShellScriptBuildPhase;
			buildActionMask = 2147483647;
			files = (
			);
			inputPaths = (
				"${PODS_PODFILE_DIR_PATH}/Podfile.lock",
				"${PODS_ROOT}/Manifest.lock",
			);
			name = "[CP] Check Pods Manifest.lock";
			outputPaths = (
				"$(DERIVED_FILE_DIR)/Pods-iMachiLive-checkManifestLockResult.txt",
			);
			runOnlyForDeploymentPostprocessing = 0;
			shellPath = /bin/sh;
			shellScript = "diff \"${PODS_PODFILE_DIR_PATH}/Podfile.lock\" \"${PODS_ROOT}/Manifest.lock\" > /dev/null\nif [ $? != 0 ] ; then\n    # print error to STDERR\n    echo \"error: The sandbox is not in sync with the Podfile.lock. Run 'pod install' or update your CocoaPods installation.\" >&2\n    exit 1\nfi\n# This output is used by Xcode 'outputs' to avoid re-running this script phase.\necho \"SUCCESS\" > \"${SCRIPT_OUTPUT_FILE_0}\"\n";
			showEnvVarsInLog = 0;
		};
/* End PBXShellScriptBuildPhase section */

/* Begin PBXSourcesBuildPhase section */
		465705F221CB6FE80088C7E5 /* Sources */ = {
			isa = PBXSourcesBuildPhase;
			buildActionMask = 2147483647;
			files = (
				4612E96A21F1C52E0078569B /* UserViewController.swift in Sources */,
				46D2E51421FDF61D008F8BB0 /* PlayerViewController.swift in Sources */,
				4612E96C21F375850078569B /* UserData.swift in Sources */,
				46D2E50A21FC1E78008F8BB0 /* EditAnnotationViewController.swift in Sources */,
				46D2E51621FEAF71008F8BB0 /* EditAnnotationData.swift in Sources */,
				4657061D21CD91D00088C7E5 /* PinStract.swift in Sources */,
				4601650422000F1500080DD3 /* CustomAnnotationView.swift in Sources */,
				46D2E50C21FD5A8F008F8BB0 /* MusicPlayerData.swift in Sources */,
				465705FC21CB6FE80088C7E5 /* MainViewController.swift in Sources */,
				465705FA21CB6FE80088C7E5 /* AppDelegate.swift in Sources */,
			);
			runOnlyForDeploymentPostprocessing = 0;
		};
/* End PBXSourcesBuildPhase section */

/* Begin PBXVariantGroup section */
		465705FD21CB6FE80088C7E5 /* Main.storyboard */ = {
			isa = PBXVariantGroup;
			children = (
				465705FE21CB6FE80088C7E5 /* Base */,
			);
			name = Main.storyboard;
			sourceTree = "<group>";
		};
		4657060221CB6FE90088C7E5 /* LaunchScreen.storyboard */ = {
			isa = PBXVariantGroup;
			children = (
				4657060321CB6FE90088C7E5 /* Base */,
			);
			name = LaunchScreen.storyboard;
			sourceTree = "<group>";
		};
/* End PBXVariantGroup section */

/* Begin XCBuildConfiguration section */
		4657060621CB6FE90088C7E5 /* Debug */ = {
			isa = XCBuildConfiguration;
			buildSettings = {
				ALWAYS_SEARCH_USER_PATHS = NO;
				CLANG_ANALYZER_NONNULL = YES;
				CLANG_ANALYZER_NUMBER_OBJECT_CONVERSION = YES_AGGRESSIVE;
				CLANG_CXX_LANGUAGE_STANDARD = "gnu++14";
				CLANG_CXX_LIBRARY = "libc++";
				CLANG_ENABLE_MODULES = YES;
				CLANG_ENABLE_OBJC_ARC = YES;
				CLANG_ENABLE_OBJC_WEAK = YES;
				CLANG_WARN_BLOCK_CAPTURE_AUTORELEASING = YES;
				CLANG_WARN_BOOL_CONVERSION = YES;
				CLANG_WARN_COMMA = YES;
				CLANG_WARN_CONSTANT_CONVERSION = YES;
				CLANG_WARN_DEPRECATED_OBJC_IMPLEMENTATIONS = YES;
				CLANG_WARN_DIRECT_OBJC_ISA_USAGE = YES_ERROR;
				CLANG_WARN_DOCUMENTATION_COMMENTS = YES;
				CLANG_WARN_EMPTY_BODY = YES;
				CLANG_WARN_ENUM_CONVERSION = YES;
				CLANG_WARN_INFINITE_RECURSION = YES;
				CLANG_WARN_INT_CONVERSION = YES;
				CLANG_WARN_NON_LITERAL_NULL_CONVERSION = YES;
				CLANG_WARN_OBJC_IMPLICIT_RETAIN_SELF = YES;
				CLANG_WARN_OBJC_LITERAL_CONVERSION = YES;
				CLANG_WARN_OBJC_ROOT_CLASS = YES_ERROR;
				CLANG_WARN_RANGE_LOOP_ANALYSIS = YES;
				CLANG_WARN_STRICT_PROTOTYPES = YES;
				CLANG_WARN_SUSPICIOUS_MOVE = YES;
				CLANG_WARN_UNGUARDED_AVAILABILITY = YES_AGGRESSIVE;
				CLANG_WARN_UNREACHABLE_CODE = YES;
				CLANG_WARN__DUPLICATE_METHOD_MATCH = YES;
				CODE_SIGN_IDENTITY = "iPhone Developer";
				COPY_PHASE_STRIP = NO;
				DEBUG_INFORMATION_FORMAT = dwarf;
				ENABLE_STRICT_OBJC_MSGSEND = YES;
				ENABLE_TESTABILITY = YES;
				GCC_C_LANGUAGE_STANDARD = gnu11;
				GCC_DYNAMIC_NO_PIC = NO;
				GCC_NO_COMMON_BLOCKS = YES;
				GCC_OPTIMIZATION_LEVEL = 0;
				GCC_PREPROCESSOR_DEFINITIONS = (
					"DEBUG=1",
					"$(inherited)",
				);
				GCC_WARN_64_TO_32_BIT_CONVERSION = YES;
				GCC_WARN_ABOUT_RETURN_TYPE = YES_ERROR;
				GCC_WARN_UNDECLARED_SELECTOR = YES;
				GCC_WARN_UNINITIALIZED_AUTOS = YES_AGGRESSIVE;
				GCC_WARN_UNUSED_FUNCTION = YES;
				GCC_WARN_UNUSED_VARIABLE = YES;
				IPHONEOS_DEPLOYMENT_TARGET = 12.1;
				MTL_ENABLE_DEBUG_INFO = INCLUDE_SOURCE;
				MTL_FAST_MATH = YES;
				ONLY_ACTIVE_ARCH = YES;
				SDKROOT = iphoneos;
				SWIFT_ACTIVE_COMPILATION_CONDITIONS = DEBUG;
				SWIFT_OPTIMIZATION_LEVEL = "-Onone";
			};
			name = Debug;
		};
		4657060721CB6FE90088C7E5 /* Release */ = {
			isa = XCBuildConfiguration;
			buildSettings = {
				ALWAYS_SEARCH_USER_PATHS = NO;
				CLANG_ANALYZER_NONNULL = YES;
				CLANG_ANALYZER_NUMBER_OBJECT_CONVERSION = YES_AGGRESSIVE;
				CLANG_CXX_LANGUAGE_STANDARD = "gnu++14";
				CLANG_CXX_LIBRARY = "libc++";
				CLANG_ENABLE_MODULES = YES;
				CLANG_ENABLE_OBJC_ARC = YES;
				CLANG_ENABLE_OBJC_WEAK = YES;
				CLANG_WARN_BLOCK_CAPTURE_AUTORELEASING = YES;
				CLANG_WARN_BOOL_CONVERSION = YES;
				CLANG_WARN_COMMA = YES;
				CLANG_WARN_CONSTANT_CONVERSION = YES;
				CLANG_WARN_DEPRECATED_OBJC_IMPLEMENTATIONS = YES;
				CLANG_WARN_DIRECT_OBJC_ISA_USAGE = YES_ERROR;
				CLANG_WARN_DOCUMENTATION_COMMENTS = YES;
				CLANG_WARN_EMPTY_BODY = YES;
				CLANG_WARN_ENUM_CONVERSION = YES;
				CLANG_WARN_INFINITE_RECURSION = YES;
				CLANG_WARN_INT_CONVERSION = YES;
				CLANG_WARN_NON_LITERAL_NULL_CONVERSION = YES;
				CLANG_WARN_OBJC_IMPLICIT_RETAIN_SELF = YES;
				CLANG_WARN_OBJC_LITERAL_CONVERSION = YES;
				CLANG_WARN_OBJC_ROOT_CLASS = YES_ERROR;
				CLANG_WARN_RANGE_LOOP_ANALYSIS = YES;
				CLANG_WARN_STRICT_PROTOTYPES = YES;
				CLANG_WARN_SUSPICIOUS_MOVE = YES;
				CLANG_WARN_UNGUARDED_AVAILABILITY = YES_AGGRESSIVE;
				CLANG_WARN_UNREACHABLE_CODE = YES;
				CLANG_WARN__DUPLICATE_METHOD_MATCH = YES;
				CODE_SIGN_IDENTITY = "iPhone Developer";
				COPY_PHASE_STRIP = NO;
				DEBUG_INFORMATION_FORMAT = "dwarf-with-dsym";
				ENABLE_NS_ASSERTIONS = NO;
				ENABLE_STRICT_OBJC_MSGSEND = YES;
				GCC_C_LANGUAGE_STANDARD = gnu11;
				GCC_NO_COMMON_BLOCKS = YES;
				GCC_WARN_64_TO_32_BIT_CONVERSION = YES;
				GCC_WARN_ABOUT_RETURN_TYPE = YES_ERROR;
				GCC_WARN_UNDECLARED_SELECTOR = YES;
				GCC_WARN_UNINITIALIZED_AUTOS = YES_AGGRESSIVE;
				GCC_WARN_UNUSED_FUNCTION = YES;
				GCC_WARN_UNUSED_VARIABLE = YES;
				IPHONEOS_DEPLOYMENT_TARGET = 12.1;
				MTL_ENABLE_DEBUG_INFO = NO;
				MTL_FAST_MATH = YES;
				SDKROOT = iphoneos;
				SWIFT_COMPILATION_MODE = wholemodule;
				SWIFT_OPTIMIZATION_LEVEL = "-O";
				VALIDATE_PRODUCT = YES;
			};
			name = Release;
		};
		4657060921CB6FE90088C7E5 /* Debug */ = {
			isa = XCBuildConfiguration;
			baseConfigurationReference = 08D7E30B1392259D14492DFA /* Pods-iMachiLive.debug.xcconfig */;
			buildSettings = {
				ASSETCATALOG_COMPILER_APPICON_NAME = AppIcon;
				CODE_SIGN_STYLE = Automatic;
				DEVELOPMENT_TEAM = T76YCQUHFU;
				INFOPLIST_FILE = "$(SRCROOT)/iMachiLive/resource/Info.plist";
				LD_RUNPATH_SEARCH_PATHS = (
					"$(inherited)",
					"@executable_path/Frameworks",
				);
				PRODUCT_BUNDLE_IDENTIFIER = mychair.iMachiLive;
				PRODUCT_NAME = "$(TARGET_NAME)";
				SWIFT_VERSION = 4.2;
				TARGETED_DEVICE_FAMILY = 1;
			};
			name = Debug;
		};
		4657060A21CB6FE90088C7E5 /* Release */ = {
			isa = XCBuildConfiguration;
			baseConfigurationReference = BAA5CCF5D28640C03E08744D /* Pods-iMachiLive.release.xcconfig */;
			buildSettings = {
				ASSETCATALOG_COMPILER_APPICON_NAME = AppIcon;
				CODE_SIGN_STYLE = Automatic;
				DEVELOPMENT_TEAM = T76YCQUHFU;
				INFOPLIST_FILE = "$(SRCROOT)/iMachiLive/resource/Info.plist";
				LD_RUNPATH_SEARCH_PATHS = (
					"$(inherited)",
					"@executable_path/Frameworks",
				);
				PRODUCT_BUNDLE_IDENTIFIER = mychair.iMachiLive;
				PRODUCT_NAME = "$(TARGET_NAME)";
				SWIFT_VERSION = 4.2;
				TARGETED_DEVICE_FAMILY = 1;
			};
			name = Release;
		};
/* End XCBuildConfiguration section */

/* Begin XCConfigurationList section */
		465705F121CB6FE80088C7E5 /* Build configuration list for PBXProject "iMachiLive" */ = {
			isa = XCConfigurationList;
			buildConfigurations = (
				4657060621CB6FE90088C7E5 /* Debug */,
				4657060721CB6FE90088C7E5 /* Release */,
			);
			defaultConfigurationIsVisible = 0;
			defaultConfigurationName = Release;
		};
		4657060821CB6FE90088C7E5 /* Build configuration list for PBXNativeTarget "iMachiLive" */ = {
			isa = XCConfigurationList;
			buildConfigurations = (
				4657060921CB6FE90088C7E5 /* Debug */,
				4657060A21CB6FE90088C7E5 /* Release */,
			);
			defaultConfigurationIsVisible = 0;
			defaultConfigurationName = Release;
		};
/* End XCConfigurationList section */
	};
	rootObject = 465705EE21CB6FE80088C7E5 /* Project object */;
}
